{
  "name": "criollo-web",
  "version": "1.6.0",
  "lockfileVersion": 1,
  "requires": true,
  "dependencies": {
    "tokenfield": {
      "version": "1.4.0",
      "resolved": "https://registry.npmjs.org/tokenfield/-/tokenfield-1.4.0.tgz",
      "integrity": "sha512-NzLRuhIZS3xNus1OFZUxGHTXME0qiv2wps/aJrEkXg//4CVTNULeZWk1Mx4JXqDC1kjhhuVN5b6PHOmrtZIwmw==",
      "dev": true
    }
  }
}
