PODS:
  - Base64 (1.1.2)
  - CocoaAsyncSocket (7.6.4)
  - Criollo (1.0.1):
    - CocoaAsyncSocket (~> 7.6.4)
  - CSFeedKit (0.3.0)
  - CSOddFormatters (1.1.1)
  - CSSystemInfoHelper (1.4.2)
  - JSONModel (1.8.0)
  - JWT (3.0.0-beta.12):
    - Base64 (~> 1.1.2)
  - MMMarkdown (0.5.5)
  - Realm (5.3.5):
    - Realm/Headers (= 5.3.5)
  - Realm/Headers (5.3.5)
  - STTwitter (0.2.6)

DEPENDENCIES:
  - Criollo (= 1.0.1)
  - CSFeedKit (= 0.3.0)
  - CSOddFormatters (= 1.1.1)
  - CSSystemInfoHelper (= 1.4.2)
  - JSONModel (= 1.8.0)
  - JWT (= 3.0.0-beta.12)
  - MMMarkdown (= 0.5.5)
  - Realm (= 5.3.5)
  - STTwitter (= 0.2.6)

SPEC REPOS:
  trunk:
    - Base64
    - CocoaAsyncSocket
    - Criollo
    - CSFeedKit
    - CSOddFormatters
    - CSSystemInfoHelper
    - JSONModel
    - JWT
    - MMMarkdown
    - Realm
    - STTwitter

SPEC CHECKSUMS:
  Base64: cecfb41a004124895a7bcee567a89bae5a89d49b
  CocoaAsyncSocket: 694058e7c0ed05a9e217d1b3c7ded962f4180845
  Criollo: 8122c5dbdf7dcf590e0d6b5d9e75e2073cd6234d
  CSFeedKit: 891aea3333d38c089a88211c7db8b40245e186f4
  CSOddFormatters: bb620a585778e0f92d4ac4d93e2f7dcaec84b9eb
  CSSystemInfoHelper: 927da800edb3f5afe96a44fb0f09e0487ffcd8a5
  JSONModel: 02ab723958366a3fd27da57ea2af2113658762e9
  JWT: 9b5c05abbcc1a0e69c3c91e1655b3387fc7e581d
  MMMarkdown: 1af97166ce0f6d6e0cb05695665492195d27c3f1
  Realm: 2b52fcc86fc0ed3d75a56ac0eb1e73c4f1a60e16
  STTwitter: 30ee2f79eff78c3d633a1edc869e97db9c9ead59

PODFILE CHECKSUM: 3777264b687f214606c75373b4f875a1a61644a1

COCOAPODS: 1.9.3
