// !$*UTF8*$!
{
	archiveVersion = 1;
	classes = {
	};
	objectVersion = 46;
	objects = {

/* Begin PBXBuildFile section */
		3A5692781C9B2D11003C99EC /* logoWithTextLight.svg in Copy Public Resources */ = {isa = PBXBuildFile; fileRef = 3A5692741C9B200D003C99EC /* logoWithTextLight.svg */; };
		3A5692791C9B2D15003C99EC /* logoDark.svg in Copy Public Resources */ = {isa = PBXBuildFile; fileRef = 3A5692761C9B2012003C99EC /* logoDark.svg */; };
		3ACC94C21C9BFB01000C6180 /* githubMark.svg in Copy Public Resources */ = {isa = PBXBuildFile; fileRef = 3ACC94C01C9BFAEF000C6180 /* githubMark.svg */; };
		A9BE8AC2A40942A84A700FD3 /* Pods_Criollo_Web.framework in Frameworks */ = {isa = PBXBuildFile; fileRef = E683BEB429F21767BA0843D6 /* Pods_Criollo_Web.framework */; };
		AD089EE71C998E7F007434A1 /* criollo-web-icon.png in Copy Public Resources */ = {isa = PBXBuildFile; fileRef = AD089EE51C998E6E007434A1 /* criollo-web-icon.png */; };
		AD0A147A1D48EA27003D8DAB /* CWSchema.m in Sources */ = {isa = PBXBuildFile; fileRef = AD0A14791D48EA27003D8DAB /* CWSchema.m */; };
		AD0BA9841C9600B9005206A1 /* logo.png in Copy Public Resources */ = {isa = PBXBuildFile; fileRef = AD0BA96C1C96004B005206A1 /* logo.png */; };
		AD0BA9A11C96376F005206A1 /* GitHub-Mark-64px.png in Copy Public Resources */ = {isa = PBXBuildFile; fileRef = AD0BA99F1C963752005206A1 /* GitHub-Mark-64px.png */; };
		AD0BA9A31C96387C005206A1 /* favicon.ico in Resources */ = {isa = PBXBuildFile; fileRef = AD0BA9A21C96387C005206A1 /* favicon.ico */; };
		AD1226321D75CD5200B3D752 /* NSString+RegEx.m in Sources */ = {isa = PBXBuildFile; fileRef = AD1226311D75CD5200B3D752 /* NSString+RegEx.m */; };
		AD41F03B1CE48C10001ADEAC /* CWBlogAuthor.m in Sources */ = {isa = PBXBuildFile; fileRef = AD41F0311CE48C10001ADEAC /* CWBlogAuthor.m */; };
		AD41F03D1CE48C10001ADEAC /* CWBlogTag.m in Sources */ = {isa = PBXBuildFile; fileRef = AD41F0351CE48C10001ADEAC /* CWBlogTag.m */; };
		AD41F03F1CE48C10001ADEAC /* CWBlogPost.m in Sources */ = {isa = PBXBuildFile; fileRef = AD41F0391CE48C10001ADEAC /* CWBlogPost.m */; };
		AD41F0461CE48DCE001ADEAC /* CWBlog.m in Sources */ = {isa = PBXBuildFile; fileRef = AD41F0451CE48DCE001ADEAC /* CWBlog.m */; settings = {COMPILER_FLAGS = "-Wno-strict-prototypes"; }; };
		AD4A13F61C9068DD00A3616E /* Assets.xcassets in Resources */ = {isa = PBXBuildFile; fileRef = AD4A13F51C9068DD00A3616E /* Assets.xcassets */; };
		AD5133711D41248900283B67 /* CWBlogAPIController.m in Sources */ = {isa = PBXBuildFile; fileRef = AD5133701D41248900283B67 /* CWBlogAPIController.m */; };
		AD5200601D2C1A4D00DAF7BC /* CWBlogPostDetailsViewController.m in Sources */ = {isa = PBXBuildFile; fileRef = AD52005E1D2C1A4D00DAF7BC /* CWBlogPostDetailsViewController.m */; };
		AD5200611D2C1A4D00DAF7BC /* CWBlogPostDetailsViewController.pug in Resources */ = {isa = PBXBuildFile; fileRef = AD52005F1D2C1A4D00DAF7BC /* CWBlogPostDetailsViewController.pug */; };
		AD5F02201CE0936000D810B6 /* CWLayoutViewController.m in Sources */ = {isa = PBXBuildFile; fileRef = AD5F021F1CE0936000D810B6 /* CWLayoutViewController.m */; };
		AD5F02231CE0BC3500D810B6 /* CWBlogViewController.m in Sources */ = {isa = PBXBuildFile; fileRef = AD5F02221CE0BC3500D810B6 /* CWBlogViewController.m */; };
		AD5F02271CE0BD8900D810B6 /* CWLandingPageViewController.pug in Resources */ = {isa = PBXBuildFile; fileRef = AD7280911C908ED6007A7FA6 /* CWLandingPageViewController.pug */; };
		AD5F02281CE0BD8900D810B6 /* CWBlogPostViewController.pug in Resources */ = {isa = PBXBuildFile; fileRef = ADD294871CB936EE006458AF /* CWBlogPostViewController.pug */; };
		AD5F02291CE0BD8900D810B6 /* CWBlogViewController.pug in Resources */ = {isa = PBXBuildFile; fileRef = AD5F02241CE0BCF000D810B6 /* CWBlogViewController.pug */; };
		AD6113CC1D251C39005B8208 /* CWAPIController.m in Sources */ = {isa = PBXBuildFile; fileRef = AD6113CB1D251C39005B8208 /* CWAPIController.m */; };
		AD6D8F6F1D713CB8000AD91E /* tokenfield.min.js in Copy Public Resources */ = {isa = PBXBuildFile; fileRef = AD6D8F6B1D713C9C000AD91E /* tokenfield.min.js */; };
		AD7396931C90767D00D9F4B3 /* default.styl in Resources */ = {isa = PBXBuildFile; fileRef = AD7396901C9073A700D9F4B3 /* default.styl */; };
		AD7D7FB91C9650A300DBBF4C /* io.criollo.Criollo-Web.plist in Resources */ = {isa = PBXBuildFile; fileRef = AD0194671C8DA37B00E035B6 /* io.criollo.Criollo-Web.plist */; };
		ADAF51571D3AD7F300D5917B /* NSString+URLUtils.m in Sources */ = {isa = PBXBuildFile; fileRef = ADAF51561D3AD7F300D5917B /* NSString+URLUtils.m */; };
		ADB5AF991D49661A003C14B6 /* CWAPIBlogAuthor.m in Sources */ = {isa = PBXBuildFile; fileRef = ADB5AF8F1D49661A003C14B6 /* CWAPIBlogAuthor.m */; };
		ADB5AF9A1D49661A003C14B6 /* CWAPIBlogPost.m in Sources */ = {isa = PBXBuildFile; fileRef = ADB5AF911D49661A003C14B6 /* CWAPIBlogPost.m */; };
		ADB5AF9B1D49661A003C14B6 /* CWAPIBlogTag.m in Sources */ = {isa = PBXBuildFile; fileRef = ADB5AF931D49661A003C14B6 /* CWAPIBlogTag.m */; };
		ADB5AF9C1D49661A003C14B6 /* CWModel.m in Sources */ = {isa = PBXBuildFile; fileRef = ADB5AF951D49661A003C14B6 /* CWModel.m */; };
		ADB5AF9D1D49661A003C14B6 /* CWUser.m in Sources */ = {isa = PBXBuildFile; fileRef = ADB5AF981D49661A003C14B6 /* CWUser.m */; settings = {COMPILER_FLAGS = "-Wno-incomplete-umbrella"; }; };
		ADD294851CB936BC006458AF /* CWBlogPostViewController.m in Sources */ = {isa = PBXBuildFile; fileRef = ADD294841CB936BC006458AF /* CWBlogPostViewController.m */; };
		ADD5F4A71CCC3908006019FF /* app.js in Resources */ = {isa = PBXBuildFile; fileRef = AD0BA9971C962922005206A1 /* app.js */; };
		ADD680001C6CBEC600FC41EE /* CWAppDelegate.m in Sources */ = {isa = PBXBuildFile; fileRef = ADD67FFF1C6CBEC600FC41EE /* CWAppDelegate.m */; };
		ADD680031C6CBEC600FC41EE /* main.m in Sources */ = {isa = PBXBuildFile; fileRef = ADD680021C6CBEC600FC41EE /* main.m */; };
		ADD859761C98B2D500C0950B /* criollo-icon-square-padded.png in Copy Public Resources */ = {isa = PBXBuildFile; fileRef = ADD859741C98B2B400C0950B /* criollo-icon-square-padded.png */; };
		ADDF76881D8D4C3F008CD497 /* CWSitemapController.m in Sources */ = {isa = PBXBuildFile; fileRef = ADDF76871D8D4C3F008CD497 /* CWSitemapController.m */; };
		ADE62C951D490E7C0023837F /* CWAPIError.m in Sources */ = {isa = PBXBuildFile; fileRef = ADE62C921D490E7C0023837F /* CWAPIError.m */; };
		ADE62C961D490E7C0023837F /* CWAPIResponse.m in Sources */ = {isa = PBXBuildFile; fileRef = ADE62C941D490E7C0023837F /* CWAPIResponse.m */; };
		ADF347001CF1F7BE00EFC211 /* CWLoginPageViewController.m in Sources */ = {isa = PBXBuildFile; fileRef = ADF346FF1CF1F7BE00EFC211 /* CWLoginPageViewController.m */; };
		ADF347021CF1F7F800EFC211 /* CWLoginPageViewController.pug in Resources */ = {isa = PBXBuildFile; fileRef = ADF347011CF1F7F800EFC211 /* CWLoginPageViewController.pug */; };
		ADF3C9D71C6DDA9800C0D5BC /* CWLandingPageViewController.m in Sources */ = {isa = PBXBuildFile; fileRef = ADF3C9D61C6DDA9800C0D5BC /* CWLandingPageViewController.m */; };
		ADFA57131D27E66B002FB626 /* NSString+MD5.m in Sources */ = {isa = PBXBuildFile; fileRef = ADFA57121D27E66B002FB626 /* NSString+MD5.m */; };
		ADFB2EC51D4F68EA00F64B04 /* CWBlogRSSController.m in Sources */ = {isa = PBXBuildFile; fileRef = ADFB2EC41D4F68EA00F64B04 /* CWBlogRSSController.m */; };
/* End PBXBuildFile section */

/* Begin PBXBuildRule section */
		AD7280901C908DCE007A7FA6 /* PBXBuildRule */ = {
			isa = PBXBuildRule;
			compilerSpec = com.apple.compilers.proxy.script;
			filePatterns = "*.pug";
			fileType = pattern.proxy;
			inputFiles = (
			);
			isEditable = 1;
			outputFiles = (
				"$(DERIVED_FILE_DIR)/$(INPUT_FILE_BASE).html",
			);
			script = "\"$PROJECT_DIR/node_modules/pug-cli/index.js\" -p \"$INPUT_FILE_DIR\" -o \"$DERIVED_FILE_DIR\" \"$INPUT_FILE_PATH\"\n";
		};
		AD7396921C90747700D9F4B3 /* PBXBuildRule */ = {
			isa = PBXBuildRule;
			compilerSpec = com.apple.compilers.proxy.script;
			filePatterns = "*.styl";
			fileType = pattern.proxy;
			inputFiles = (
			);
			isEditable = 1;
			outputFiles = (
				"$(DERIVED_FILE_DIR)/$(INPUT_FILE_BASE).css",
			);
			script = "\"$PROJECT_DIR/node_modules/stylus/bin/stylus\" -c -r -u nib -I \"$INPUT_FILE_DIR\" -o \"$DERIVED_FILE_DIR\" \"$INPUT_FILE_PATH\"\n";
		};
		ADD5F4A81CCC3A37006019FF /* PBXBuildRule */ = {
			isa = PBXBuildRule;
			compilerSpec = com.apple.compilers.proxy.script;
			filePatterns = "*.js";
			fileType = pattern.proxy;
			inputFiles = (
			);
			isEditable = 1;
			outputFiles = (
				"$(DERIVED_FILE_DIR)/$(INPUT_FILE_BASE).js",
			);
			script = "\"$PROJECT_DIR/node_modules/rollup/bin/rollup\" -c \"$PROJECT_DIR/Criollo Web/rollup-config.js\" -f iife -o \"$DERIVED_FILE_DIR/$INPUT_FILE_BASE.js\" \"$INPUT_FILE_PATH\"\n";
		};
/* End PBXBuildRule section */

/* Begin PBXCopyFilesBuildPhase section */
		AD7290EA1C7058F50079AD76 /* Copy Public Resources */ = {
			isa = PBXCopyFilesBuildPhase;
			buildActionMask = 2147483647;
			dstPath = Public;
			dstSubfolderSpec = 7;
			files = (
				AD6D8F6F1D713CB8000AD91E /* tokenfield.min.js in Copy Public Resources */,
				3ACC94C21C9BFB01000C6180 /* githubMark.svg in Copy Public Resources */,
				3A5692791C9B2D15003C99EC /* logoDark.svg in Copy Public Resources */,
				3A5692781C9B2D11003C99EC /* logoWithTextLight.svg in Copy Public Resources */,
				ADD859761C98B2D500C0950B /* criollo-icon-square-padded.png in Copy Public Resources */,
				AD089EE71C998E7F007434A1 /* criollo-web-icon.png in Copy Public Resources */,
				AD0BA9A11C96376F005206A1 /* GitHub-Mark-64px.png in Copy Public Resources */,
				AD0BA9841C9600B9005206A1 /* logo.png in Copy Public Resources */,
			);
			name = "Copy Public Resources";
			runOnlyForDeploymentPostprocessing = 0;
		};
/* End PBXCopyFilesBuildPhase section */

/* Begin PBXFileReference section */
		3A5692741C9B200D003C99EC /* logoWithTextLight.svg */ = {isa = PBXFileReference; fileEncoding = 4; lastKnownFileType = text.xml; path = logoWithTextLight.svg; sourceTree = "<group>"; };
		3A5692761C9B2012003C99EC /* logoDark.svg */ = {isa = PBXFileReference; fileEncoding = 4; lastKnownFileType = text.xml; path = logoDark.svg; sourceTree = "<group>"; };
		3ACC94C01C9BFAEF000C6180 /* githubMark.svg */ = {isa = PBXFileReference; fileEncoding = 4; lastKnownFileType = text.xml; path = githubMark.svg; sourceTree = "<group>"; };
		4A1E2669206A7E0F00BB1DE7 /* rollup-config.js */ = {isa = PBXFileReference; lastKnownFileType = sourcecode.javascript; name = "rollup-config.js"; path = "Criollo Web/rollup-config.js"; sourceTree = "<group>"; };
		AD0194671C8DA37B00E035B6 /* io.criollo.Criollo-Web.plist */ = {isa = PBXFileReference; fileEncoding = 4; lastKnownFileType = text.plist.xml; path = "io.criollo.Criollo-Web.plist"; sourceTree = "<group>"; };
		AD089EE51C998E6E007434A1 /* criollo-web-icon.png */ = {isa = PBXFileReference; lastKnownFileType = image.png; path = "criollo-web-icon.png"; sourceTree = "<group>"; };
		AD0A14781D48EA27003D8DAB /* CWSchema.h */ = {isa = PBXFileReference; fileEncoding = 4; lastKnownFileType = sourcecode.c.h; path = CWSchema.h; sourceTree = "<group>"; };
		AD0A14791D48EA27003D8DAB /* CWSchema.m */ = {isa = PBXFileReference; fileEncoding = 4; lastKnownFileType = sourcecode.c.objc; path = CWSchema.m; sourceTree = "<group>"; };
		AD0BA8391D1BEAD900F0C865 /* notifications.js */ = {isa = PBXFileReference; fileEncoding = 4; lastKnownFileType = sourcecode.javascript; path = notifications.js; sourceTree = "<group>"; };
		AD0BA83B1D1C1D9500F0C865 /* menu.js */ = {isa = PBXFileReference; fileEncoding = 4; lastKnownFileType = sourcecode.javascript; path = menu.js; sourceTree = "<group>"; };
		AD0BA83C1D1C1D9500F0C865 /* notifications.styl */ = {isa = PBXFileReference; fileEncoding = 4; lastKnownFileType = text; path = notifications.styl; sourceTree = "<group>"; };
		AD0BA8401D1C1EB100F0C865 /* menu.styl */ = {isa = PBXFileReference; fileEncoding = 4; lastKnownFileType = text; path = menu.styl; sourceTree = "<group>"; };
		AD0BA8451D1C26A400F0C865 /* login.js */ = {isa = PBXFileReference; fileEncoding = 4; lastKnownFileType = sourcecode.javascript; path = login.js; sourceTree = "<group>"; };
		AD0BA8461D1C26A400F0C865 /* login.styl */ = {isa = PBXFileReference; fileEncoding = 4; lastKnownFileType = text; path = login.styl; sourceTree = "<group>"; };
		AD0BA96C1C96004B005206A1 /* logo.png */ = {isa = PBXFileReference; lastKnownFileType = image.png; path = logo.png; sourceTree = "<group>"; };
		AD0BA9971C962922005206A1 /* app.js */ = {isa = PBXFileReference; fileEncoding = 4; lastKnownFileType = sourcecode.javascript; path = app.js; sourceTree = "<group>"; };
		AD0BA99F1C963752005206A1 /* GitHub-Mark-64px.png */ = {isa = PBXFileReference; lastKnownFileType = image.png; path = "GitHub-Mark-64px.png"; sourceTree = "<group>"; };
		AD0BA9A21C96387C005206A1 /* favicon.ico */ = {isa = PBXFileReference; lastKnownFileType = image.ico; path = favicon.ico; sourceTree = "<group>"; };
		AD1226301D75CD5200B3D752 /* NSString+RegEx.h */ = {isa = PBXFileReference; fileEncoding = 4; lastKnownFileType = sourcecode.c.h; path = "NSString+RegEx.h"; sourceTree = "<group>"; };
		AD1226311D75CD5200B3D752 /* NSString+RegEx.m */ = {isa = PBXFileReference; fileEncoding = 4; lastKnownFileType = sourcecode.c.objc; path = "NSString+RegEx.m"; sourceTree = "<group>"; };
		AD3B68FB1CCC532400563E22 /* rollup-config.js */ = {isa = PBXFileReference; fileEncoding = 4; lastKnownFileType = sourcecode.javascript; path = "rollup-config.js"; sourceTree = "<group>"; };
		AD41F0301CE48C10001ADEAC /* CWBlogAuthor.h */ = {isa = PBXFileReference; fileEncoding = 4; lastKnownFileType = sourcecode.c.h; path = CWBlogAuthor.h; sourceTree = "<group>"; };
		AD41F0311CE48C10001ADEAC /* CWBlogAuthor.m */ = {isa = PBXFileReference; fileEncoding = 4; lastKnownFileType = sourcecode.c.objc; path = CWBlogAuthor.m; sourceTree = "<group>"; };
		AD41F0341CE48C10001ADEAC /* CWBlogTag.h */ = {isa = PBXFileReference; fileEncoding = 4; lastKnownFileType = sourcecode.c.h; path = CWBlogTag.h; sourceTree = "<group>"; };
		AD41F0351CE48C10001ADEAC /* CWBlogTag.m */ = {isa = PBXFileReference; fileEncoding = 4; lastKnownFileType = sourcecode.c.objc; path = CWBlogTag.m; sourceTree = "<group>"; };
		AD41F0381CE48C10001ADEAC /* CWBlogPost.h */ = {isa = PBXFileReference; fileEncoding = 4; lastKnownFileType = sourcecode.c.h; path = CWBlogPost.h; sourceTree = "<group>"; };
		AD41F0391CE48C10001ADEAC /* CWBlogPost.m */ = {isa = PBXFileReference; fileEncoding = 4; lastKnownFileType = sourcecode.c.objc; path = CWBlogPost.m; sourceTree = "<group>"; };
		AD41F0441CE48DCE001ADEAC /* CWBlog.h */ = {isa = PBXFileReference; fileEncoding = 4; lastKnownFileType = sourcecode.c.h; path = CWBlog.h; sourceTree = "<group>"; };
		AD41F0451CE48DCE001ADEAC /* CWBlog.m */ = {isa = PBXFileReference; fileEncoding = 4; lastKnownFileType = sourcecode.c.objc; path = CWBlog.m; sourceTree = "<group>"; };
		AD4A13F51C9068DD00A3616E /* Assets.xcassets */ = {isa = PBXFileReference; lastKnownFileType = folder.assetcatalog; name = Assets.xcassets; path = Resources/Assets.xcassets; sourceTree = "<group>"; };
		AD51336F1D41248900283B67 /* CWBlogAPIController.h */ = {isa = PBXFileReference; fileEncoding = 4; lastKnownFileType = sourcecode.c.h; path = CWBlogAPIController.h; sourceTree = "<group>"; };
		AD5133701D41248900283B67 /* CWBlogAPIController.m */ = {isa = PBXFileReference; fileEncoding = 4; lastKnownFileType = sourcecode.c.objc; path = CWBlogAPIController.m; sourceTree = "<group>"; };
		AD52005D1D2C1A4D00DAF7BC /* CWBlogPostDetailsViewController.h */ = {isa = PBXFileReference; fileEncoding = 4; lastKnownFileType = sourcecode.c.h; name = CWBlogPostDetailsViewController.h; path = Blog/CWBlogPostDetailsViewController.h; sourceTree = "<group>"; };
		AD52005E1D2C1A4D00DAF7BC /* CWBlogPostDetailsViewController.m */ = {isa = PBXFileReference; fileEncoding = 4; lastKnownFileType = sourcecode.c.objc; name = CWBlogPostDetailsViewController.m; path = Blog/CWBlogPostDetailsViewController.m; sourceTree = "<group>"; };
		AD52005F1D2C1A4D00DAF7BC /* CWBlogPostDetailsViewController.pug */ = {isa = PBXFileReference; fileEncoding = 4; lastKnownFileType = text; name = CWBlogPostDetailsViewController.pug; path = Blog/CWBlogPostDetailsViewController.pug; sourceTree = "<group>"; };
		AD5F021A1CE091B100D810B6 /* Footer.pug */ = {isa = PBXFileReference; fileEncoding = 4; lastKnownFileType = text; path = Footer.pug; sourceTree = "<group>"; };
		AD5F021B1CE091B100D810B6 /* Header.pug */ = {isa = PBXFileReference; fileEncoding = 4; lastKnownFileType = text; path = Header.pug; sourceTree = "<group>"; };
		AD5F021E1CE0936000D810B6 /* CWLayoutViewController.h */ = {isa = PBXFileReference; fileEncoding = 4; lastKnownFileType = sourcecode.c.h; path = CWLayoutViewController.h; sourceTree = "<group>"; };
		AD5F021F1CE0936000D810B6 /* CWLayoutViewController.m */ = {isa = PBXFileReference; fileEncoding = 4; lastKnownFileType = sourcecode.c.objc; path = CWLayoutViewController.m; sourceTree = "<group>"; };
		AD5F02211CE0BC3500D810B6 /* CWBlogViewController.h */ = {isa = PBXFileReference; fileEncoding = 4; lastKnownFileType = sourcecode.c.h; name = CWBlogViewController.h; path = Blog/CWBlogViewController.h; sourceTree = "<group>"; };
		AD5F02221CE0BC3500D810B6 /* CWBlogViewController.m */ = {isa = PBXFileReference; fileEncoding = 4; lastKnownFileType = sourcecode.c.objc; name = CWBlogViewController.m; path = Blog/CWBlogViewController.m; sourceTree = "<group>"; };
		AD5F02241CE0BCF000D810B6 /* CWBlogViewController.pug */ = {isa = PBXFileReference; fileEncoding = 4; lastKnownFileType = text; name = CWBlogViewController.pug; path = Blog/CWBlogViewController.pug; sourceTree = "<group>"; };
		AD6113CA1D251C39005B8208 /* CWAPIController.h */ = {isa = PBXFileReference; fileEncoding = 4; lastKnownFileType = sourcecode.c.h; path = CWAPIController.h; sourceTree = "<group>"; };
		AD6113CB1D251C39005B8208 /* CWAPIController.m */ = {isa = PBXFileReference; fileEncoding = 4; lastKnownFileType = sourcecode.c.objc; path = CWAPIController.m; sourceTree = "<group>"; };
		AD6D8F6B1D713C9C000AD91E /* tokenfield.min.js */ = {isa = PBXFileReference; fileEncoding = 4; lastKnownFileType = sourcecode.javascript; name = tokenfield.min.js; path = node_modules/tokenfield/dist/tokenfield.min.js; sourceTree = SOURCE_ROOT; };
		AD7280911C908ED6007A7FA6 /* CWLandingPageViewController.pug */ = {isa = PBXFileReference; fileEncoding = 4; lastKnownFileType = text; path = CWLandingPageViewController.pug; sourceTree = "<group>"; };
		AD7396901C9073A700D9F4B3 /* default.styl */ = {isa = PBXFileReference; fileEncoding = 4; lastKnownFileType = text; path = default.styl; sourceTree = "<group>"; };
		AD8FE0B91CE477E70085612C /* Realm.framework */ = {isa = PBXFileReference; lastKnownFileType = wrapper.framework; name = Realm.framework; path = "../../../Library/Developer/Xcode/DerivedData/Criollo_Web-bxldpoilqgcohudzadiiettgdbiy/Build/Products/Debug/Realm/Realm.framework"; sourceTree = "<group>"; };
		ADAF51551D3AD7F300D5917B /* NSString+URLUtils.h */ = {isa = PBXFileReference; fileEncoding = 4; lastKnownFileType = sourcecode.c.h; path = "NSString+URLUtils.h"; sourceTree = "<group>"; };
		ADAF51561D3AD7F300D5917B /* NSString+URLUtils.m */ = {isa = PBXFileReference; fileEncoding = 4; lastKnownFileType = sourcecode.c.objc; path = "NSString+URLUtils.m"; sourceTree = "<group>"; };
		ADB5AF8E1D49661A003C14B6 /* CWAPIBlogAuthor.h */ = {isa = PBXFileReference; fileEncoding = 4; lastKnownFileType = sourcecode.c.h; path = CWAPIBlogAuthor.h; sourceTree = "<group>"; };
		ADB5AF8F1D49661A003C14B6 /* CWAPIBlogAuthor.m */ = {isa = PBXFileReference; fileEncoding = 4; lastKnownFileType = sourcecode.c.objc; path = CWAPIBlogAuthor.m; sourceTree = "<group>"; };
		ADB5AF901D49661A003C14B6 /* CWAPIBlogPost.h */ = {isa = PBXFileReference; fileEncoding = 4; lastKnownFileType = sourcecode.c.h; path = CWAPIBlogPost.h; sourceTree = "<group>"; };
		ADB5AF911D49661A003C14B6 /* CWAPIBlogPost.m */ = {isa = PBXFileReference; fileEncoding = 4; lastKnownFileType = sourcecode.c.objc; path = CWAPIBlogPost.m; sourceTree = "<group>"; };
		ADB5AF921D49661A003C14B6 /* CWAPIBlogTag.h */ = {isa = PBXFileReference; fileEncoding = 4; lastKnownFileType = sourcecode.c.h; path = CWAPIBlogTag.h; sourceTree = "<group>"; };
		ADB5AF931D49661A003C14B6 /* CWAPIBlogTag.m */ = {isa = PBXFileReference; fileEncoding = 4; lastKnownFileType = sourcecode.c.objc; path = CWAPIBlogTag.m; sourceTree = "<group>"; };
		ADB5AF941D49661A003C14B6 /* CWModel.h */ = {isa = PBXFileReference; fileEncoding = 4; lastKnownFileType = sourcecode.c.h; path = CWModel.h; sourceTree = "<group>"; };
		ADB5AF951D49661A003C14B6 /* CWModel.m */ = {isa = PBXFileReference; fileEncoding = 4; lastKnownFileType = sourcecode.c.objc; path = CWModel.m; sourceTree = "<group>"; };
		ADB5AF961D49661A003C14B6 /* CWModelProxy.h */ = {isa = PBXFileReference; fileEncoding = 4; lastKnownFileType = sourcecode.c.h; path = CWModelProxy.h; sourceTree = "<group>"; };
		ADB5AF971D49661A003C14B6 /* CWUser.h */ = {isa = PBXFileReference; fileEncoding = 4; lastKnownFileType = sourcecode.c.h; path = CWUser.h; sourceTree = "<group>"; };
		ADB5AF981D49661A003C14B6 /* CWUser.m */ = {isa = PBXFileReference; fileEncoding = 4; lastKnownFileType = sourcecode.c.objc; path = CWUser.m; sourceTree = "<group>"; };
		ADB9D1651CE5C72A002F35B5 /* Criollo Web.entitlements */ = {isa = PBXFileReference; lastKnownFileType = text.xml; path = "Criollo Web.entitlements"; sourceTree = "<group>"; };
		ADC098871C90F6D4009CC72F /* README.md */ = {isa = PBXFileReference; lastKnownFileType = net.daringfireball.markdown; name = README.md; path = ../README.md; sourceTree = "<group>"; };
		ADD294831CB936BC006458AF /* CWBlogPostViewController.h */ = {isa = PBXFileReference; fileEncoding = 4; lastKnownFileType = sourcecode.c.h; name = CWBlogPostViewController.h; path = Blog/CWBlogPostViewController.h; sourceTree = "<group>"; };
		ADD294841CB936BC006458AF /* CWBlogPostViewController.m */ = {isa = PBXFileReference; fileEncoding = 4; lastKnownFileType = sourcecode.c.objc; name = CWBlogPostViewController.m; path = Blog/CWBlogPostViewController.m; sourceTree = "<group>"; };
		ADD294871CB936EE006458AF /* CWBlogPostViewController.pug */ = {isa = PBXFileReference; fileEncoding = 4; lastKnownFileType = text; name = CWBlogPostViewController.pug; path = Blog/CWBlogPostViewController.pug; sourceTree = "<group>"; };
		ADD67FFB1C6CBEC600FC41EE /* Criollo Web.app */ = {isa = PBXFileReference; explicitFileType = wrapper.application; includeInIndex = 0; path = "Criollo Web.app"; sourceTree = BUILT_PRODUCTS_DIR; };
		ADD67FFE1C6CBEC600FC41EE /* CWAppDelegate.h */ = {isa = PBXFileReference; lastKnownFileType = sourcecode.c.h; path = CWAppDelegate.h; sourceTree = "<group>"; };
		ADD67FFF1C6CBEC600FC41EE /* CWAppDelegate.m */ = {isa = PBXFileReference; lastKnownFileType = sourcecode.c.objc; path = CWAppDelegate.m; sourceTree = "<group>"; };
		ADD680021C6CBEC600FC41EE /* main.m */ = {isa = PBXFileReference; lastKnownFileType = sourcecode.c.objc; path = main.m; sourceTree = "<group>"; };
		ADD680091C6CBEC600FC41EE /* Info.plist */ = {isa = PBXFileReference; lastKnownFileType = text.plist.xml; path = Info.plist; sourceTree = "<group>"; };
		ADD859741C98B2B400C0950B /* criollo-icon-square-padded.png */ = {isa = PBXFileReference; lastKnownFileType = image.png; path = "criollo-icon-square-padded.png"; sourceTree = "<group>"; };
		ADDF76861D8D4C3F008CD497 /* CWSitemapController.h */ = {isa = PBXFileReference; fileEncoding = 4; lastKnownFileType = sourcecode.c.h; path = CWSitemapController.h; sourceTree = "<group>"; };
		ADDF76871D8D4C3F008CD497 /* CWSitemapController.m */ = {isa = PBXFileReference; fileEncoding = 4; lastKnownFileType = sourcecode.c.objc; path = CWSitemapController.m; sourceTree = "<group>"; };
		ADE62C7F1D490DBA0023837F /* CWSchemaProxy.h */ = {isa = PBXFileReference; lastKnownFileType = sourcecode.c.h; path = CWSchemaProxy.h; sourceTree = "<group>"; };
		ADE62C911D490E7C0023837F /* CWAPIError.h */ = {isa = PBXFileReference; fileEncoding = 4; lastKnownFileType = sourcecode.c.h; path = CWAPIError.h; sourceTree = "<group>"; };
		ADE62C921D490E7C0023837F /* CWAPIError.m */ = {isa = PBXFileReference; fileEncoding = 4; lastKnownFileType = sourcecode.c.objc; path = CWAPIError.m; sourceTree = "<group>"; };
		ADE62C931D490E7C0023837F /* CWAPIResponse.h */ = {isa = PBXFileReference; fileEncoding = 4; lastKnownFileType = sourcecode.c.h; path = CWAPIResponse.h; sourceTree = "<group>"; };
		ADE62C941D490E7C0023837F /* CWAPIResponse.m */ = {isa = PBXFileReference; fileEncoding = 4; lastKnownFileType = sourcecode.c.objc; path = CWAPIResponse.m; sourceTree = "<group>"; };
		ADE63E491CCC504F006FC170 /* package.json */ = {isa = PBXFileReference; fileEncoding = 4; lastKnownFileType = text.json; path = package.json; sourceTree = SOURCE_ROOT; };
		ADF346FE1CF1F7BE00EFC211 /* CWLoginPageViewController.h */ = {isa = PBXFileReference; fileEncoding = 4; lastKnownFileType = sourcecode.c.h; path = CWLoginPageViewController.h; sourceTree = "<group>"; };
		ADF346FF1CF1F7BE00EFC211 /* CWLoginPageViewController.m */ = {isa = PBXFileReference; fileEncoding = 4; lastKnownFileType = sourcecode.c.objc; path = CWLoginPageViewController.m; sourceTree = "<group>"; };
		ADF347011CF1F7F800EFC211 /* CWLoginPageViewController.pug */ = {isa = PBXFileReference; fileEncoding = 4; lastKnownFileType = text; path = CWLoginPageViewController.pug; sourceTree = "<group>"; };
		ADF3C9D51C6DDA9800C0D5BC /* CWLandingPageViewController.h */ = {isa = PBXFileReference; fileEncoding = 4; lastKnownFileType = sourcecode.c.h; path = CWLandingPageViewController.h; sourceTree = "<group>"; };
		ADF3C9D61C6DDA9800C0D5BC /* CWLandingPageViewController.m */ = {isa = PBXFileReference; fileEncoding = 4; lastKnownFileType = sourcecode.c.objc; path = CWLandingPageViewController.m; sourceTree = "<group>"; };
		ADFA57111D27E66B002FB626 /* NSString+MD5.h */ = {isa = PBXFileReference; fileEncoding = 4; lastKnownFileType = sourcecode.c.h; path = "NSString+MD5.h"; sourceTree = "<group>"; };
		ADFA57121D27E66B002FB626 /* NSString+MD5.m */ = {isa = PBXFileReference; fileEncoding = 4; lastKnownFileType = sourcecode.c.objc; path = "NSString+MD5.m"; sourceTree = "<group>"; };
		ADFB2EC31D4F68EA00F64B04 /* CWBlogRSSController.h */ = {isa = PBXFileReference; fileEncoding = 4; lastKnownFileType = sourcecode.c.h; name = CWBlogRSSController.h; path = Blog/CWBlogRSSController.h; sourceTree = "<group>"; };
		ADFB2EC41D4F68EA00F64B04 /* CWBlogRSSController.m */ = {isa = PBXFileReference; fileEncoding = 4; lastKnownFileType = sourcecode.c.objc; name = CWBlogRSSController.m; path = Blog/CWBlogRSSController.m; sourceTree = "<group>"; };
		B91D7568DF423F9980BEFB23 /* Pods-Criollo Web.debug.xcconfig */ = {isa = PBXFileReference; includeInIndex = 1; lastKnownFileType = text.xcconfig; name = "Pods-Criollo Web.debug.xcconfig"; path = "Target Support Files/Pods-Criollo Web/Pods-Criollo Web.debug.xcconfig"; sourceTree = "<group>"; };
		E489151C8108803400DFB81E /* Pods-Criollo Web.release.xcconfig */ = {isa = PBXFileReference; includeInIndex = 1; lastKnownFileType = text.xcconfig; name = "Pods-Criollo Web.release.xcconfig"; path = "Target Support Files/Pods-Criollo Web/Pods-Criollo Web.release.xcconfig"; sourceTree = "<group>"; };
		E683BEB429F21767BA0843D6 /* Pods_Criollo_Web.framework */ = {isa = PBXFileReference; explicitFileType = wrapper.framework; includeInIndex = 0; path = Pods_Criollo_Web.framework; sourceTree = BUILT_PRODUCTS_DIR; };
/* End PBXFileReference section */

/* Begin PBXFrameworksBuildPhase section */
		ADD67FF81C6CBEC600FC41EE /* Frameworks */ = {
			isa = PBXFrameworksBuildPhase;
			buildActionMask = 2147483647;
			files = (
				A9BE8AC2A40942A84A700FD3 /* Pods_Criollo_Web.framework in Frameworks */,
			);
			runOnlyForDeploymentPostprocessing = 0;
		};
/* End PBXFrameworksBuildPhase section */

/* Begin PBXGroup section */
		709A6020531EDF3F8726A547 /* Frameworks */ = {
			isa = PBXGroup;
			children = (
				AD8FE0B91CE477E70085612C /* Realm.framework */,
				E683BEB429F21767BA0843D6 /* Pods_Criollo_Web.framework */,
			);
			name = Frameworks;
			sourceTree = "<group>";
		};
		AD0BA8431D1C207100F0C865 /* Menu */ = {
			isa = PBXGroup;
			children = (
				AD0BA8401D1C1EB100F0C865 /* menu.styl */,
				AD0BA83B1D1C1D9500F0C865 /* menu.js */,
			);
			name = Menu;
			sourceTree = "<group>";
		};
		AD0BA8441D1C207700F0C865 /* Notifications */ = {
			isa = PBXGroup;
			children = (
				AD0BA8391D1BEAD900F0C865 /* notifications.js */,
				AD0BA83C1D1C1D9500F0C865 /* notifications.styl */,
			);
			name = Notifications;
			sourceTree = "<group>";
		};
		AD0BA84B1D1C26AB00F0C865 /* Login */ = {
			isa = PBXGroup;
			children = (
				AD0BA8451D1C26A400F0C865 /* login.js */,
				AD0BA8461D1C26A400F0C865 /* login.styl */,
			);
			name = Login;
			sourceTree = "<group>";
		};
		AD0BA96E1C960068005206A1 /* Images */ = {
			isa = PBXGroup;
			children = (
				AD089EE51C998E6E007434A1 /* criollo-web-icon.png */,
				3A5692741C9B200D003C99EC /* logoWithTextLight.svg */,
				3A5692761C9B2012003C99EC /* logoDark.svg */,
				3ACC94C01C9BFAEF000C6180 /* githubMark.svg */,
				ADD859741C98B2B400C0950B /* criollo-icon-square-padded.png */,
				AD0BA99F1C963752005206A1 /* GitHub-Mark-64px.png */,
				AD0BA96C1C96004B005206A1 /* logo.png */,
				AD0BA9A21C96387C005206A1 /* favicon.ico */,
			);
			path = Images;
			sourceTree = "<group>";
		};
		AD12B1781D3ACD9600429827 /* Blog */ = {
			isa = PBXGroup;
			children = (
				AD41F0301CE48C10001ADEAC /* CWBlogAuthor.h */,
				AD41F0311CE48C10001ADEAC /* CWBlogAuthor.m */,
				AD41F0341CE48C10001ADEAC /* CWBlogTag.h */,
				AD41F0351CE48C10001ADEAC /* CWBlogTag.m */,
				AD41F0381CE48C10001ADEAC /* CWBlogPost.h */,
				AD41F0391CE48C10001ADEAC /* CWBlogPost.m */,
			);
			path = Blog;
			sourceTree = "<group>";
		};
		AD41F0401CE48C3A001ADEAC /* Schemas */ = {
			isa = PBXGroup;
			children = (
				AD12B1781D3ACD9600429827 /* Blog */,
				AD0A14781D48EA27003D8DAB /* CWSchema.h */,
				AD0A14791D48EA27003D8DAB /* CWSchema.m */,
				ADE62C7F1D490DBA0023837F /* CWSchemaProxy.h */,
			);
			path = Schemas;
			sourceTree = "<group>";
		};
		AD5F02191CE091B100D810B6 /* Shared */ = {
			isa = PBXGroup;
			children = (
				AD5F021E1CE0936000D810B6 /* CWLayoutViewController.h */,
				AD5F021F1CE0936000D810B6 /* CWLayoutViewController.m */,
				AD5F021A1CE091B100D810B6 /* Footer.pug */,
				AD5F021B1CE091B100D810B6 /* Header.pug */,
			);
			path = Shared;
			sourceTree = "<group>";
		};
		AD6113CD1D251CCF005B8208 /* API */ = {
			isa = PBXGroup;
			children = (
				ADE62C911D490E7C0023837F /* CWAPIError.h */,
				ADE62C921D490E7C0023837F /* CWAPIError.m */,
				ADE62C931D490E7C0023837F /* CWAPIResponse.h */,
				ADE62C941D490E7C0023837F /* CWAPIResponse.m */,
				AD6113CA1D251C39005B8208 /* CWAPIController.h */,
				AD6113CB1D251C39005B8208 /* CWAPIController.m */,
				AD51336F1D41248900283B67 /* CWBlogAPIController.h */,
				AD5133701D41248900283B67 /* CWBlogAPIController.m */,
			);
			path = API;
			sourceTree = "<group>";
		};
		AD6240821CCC4A51008BE8B2 /* Contrib */ = {
			isa = PBXGroup;
			children = (
				AD6D8F6B1D713C9C000AD91E /* tokenfield.min.js */,
			);
			name = Contrib;
			sourceTree = "<group>";
		};
		AD7290E91C7058C90079AD76 /* Public */ = {
			isa = PBXGroup;
			children = (
				AD0BA84B1D1C26AB00F0C865 /* Login */,
				AD0BA8431D1C207100F0C865 /* Menu */,
				AD0BA8441D1C207700F0C865 /* Notifications */,
				AD0BA96E1C960068005206A1 /* Images */,
				AD6240821CCC4A51008BE8B2 /* Contrib */,
				AD0BA9971C962922005206A1 /* app.js */,
				AD7396901C9073A700D9F4B3 /* default.styl */,
			);
			path = Public;
			sourceTree = "<group>";
		};
		ADB5AF8C1D49661A003C14B6 /* Models */ = {
			isa = PBXGroup;
			children = (
				ADB5AF8D1D49661A003C14B6 /* Blog */,
				ADB5AF941D49661A003C14B6 /* CWModel.h */,
				ADB5AF951D49661A003C14B6 /* CWModel.m */,
				ADB5AF961D49661A003C14B6 /* CWModelProxy.h */,
				ADB5AF971D49661A003C14B6 /* CWUser.h */,
				ADB5AF981D49661A003C14B6 /* CWUser.m */,
			);
			path = Models;
			sourceTree = "<group>";
		};
		ADB5AF8D1D49661A003C14B6 /* Blog */ = {
			isa = PBXGroup;
			children = (
				ADB5AF8E1D49661A003C14B6 /* CWAPIBlogAuthor.h */,
				ADB5AF8F1D49661A003C14B6 /* CWAPIBlogAuthor.m */,
				ADB5AF901D49661A003C14B6 /* CWAPIBlogPost.h */,
				ADB5AF911D49661A003C14B6 /* CWAPIBlogPost.m */,
				ADB5AF921D49661A003C14B6 /* CWAPIBlogTag.h */,
				ADB5AF931D49661A003C14B6 /* CWAPIBlogTag.m */,
			);
			path = Blog;
			sourceTree = "<group>";
		};
		ADB5AF9E1D4966BD003C14B6 /* Resources */ = {
			isa = PBXGroup;
			children = (
				AD4A13F51C9068DD00A3616E /* Assets.xcassets */,
			);
			name = Resources;
			sourceTree = "<group>";
		};
		ADD294861CB936CD006458AF /* Blog */ = {
			isa = PBXGroup;
			children = (
				AD52005D1D2C1A4D00DAF7BC /* CWBlogPostDetailsViewController.h */,
				AD52005E1D2C1A4D00DAF7BC /* CWBlogPostDetailsViewController.m */,
				AD52005F1D2C1A4D00DAF7BC /* CWBlogPostDetailsViewController.pug */,
				ADD294831CB936BC006458AF /* CWBlogPostViewController.h */,
				ADD294841CB936BC006458AF /* CWBlogPostViewController.m */,
				ADD294871CB936EE006458AF /* CWBlogPostViewController.pug */,
				AD5F02211CE0BC3500D810B6 /* CWBlogViewController.h */,
				AD5F02221CE0BC3500D810B6 /* CWBlogViewController.m */,
				AD5F02241CE0BCF000D810B6 /* CWBlogViewController.pug */,
				ADFB2EC31D4F68EA00F64B04 /* CWBlogRSSController.h */,
				ADFB2EC41D4F68EA00F64B04 /* CWBlogRSSController.m */,
			);
			name = Blog;
			sourceTree = "<group>";
		};
		ADD67FF21C6CBEC600FC41EE = {
			isa = PBXGroup;
			children = (
				ADD67FFD1C6CBEC600FC41EE /* Criollo Web */,
				ADD67FFC1C6CBEC600FC41EE /* Products */,
				4A1E2669206A7E0F00BB1DE7 /* rollup-config.js */,
				709A6020531EDF3F8726A547 /* Frameworks */,
				C2487EA480B17824D1D0277D /* Pods */,
			);
			sourceTree = "<group>";
		};
		ADD67FFC1C6CBEC600FC41EE /* Products */ = {
			isa = PBXGroup;
			children = (
				ADD67FFB1C6CBEC600FC41EE /* Criollo Web.app */,
			);
			name = Products;
			sourceTree = "<group>";
		};
		ADD67FFD1C6CBEC600FC41EE /* Criollo Web */ = {
			isa = PBXGroup;
			children = (
				ADFA570D1D27E644002FB626 /* Contrib */,
				AD6113CD1D251CCF005B8208 /* API */,
				ADB5AF8C1D49661A003C14B6 /* Models */,
				AD41F0401CE48C3A001ADEAC /* Schemas */,
				ADF3C9D81C6DDAAE00C0D5BC /* Views */,
				AD7290E91C7058C90079AD76 /* Public */,
				ADD680011C6CBEC600FC41EE /* Supporting Files */,
				AD41F0441CE48DCE001ADEAC /* CWBlog.h */,
				AD41F0451CE48DCE001ADEAC /* CWBlog.m */,
				ADD67FFE1C6CBEC600FC41EE /* CWAppDelegate.h */,
				ADD67FFF1C6CBEC600FC41EE /* CWAppDelegate.m */,
				ADDF76861D8D4C3F008CD497 /* CWSitemapController.h */,
				ADDF76871D8D4C3F008CD497 /* CWSitemapController.m */,
			);
			path = "Criollo Web";
			sourceTree = "<group>";
		};
		ADD680011C6CBEC600FC41EE /* Supporting Files */ = {
			isa = PBXGroup;
			children = (
				ADB5AF9E1D4966BD003C14B6 /* Resources */,
				ADD680021C6CBEC600FC41EE /* main.m */,
				AD3B68FB1CCC532400563E22 /* rollup-config.js */,
				ADE63E491CCC504F006FC170 /* package.json */,
				ADC098871C90F6D4009CC72F /* README.md */,
				AD0194671C8DA37B00E035B6 /* io.criollo.Criollo-Web.plist */,
				ADD680091C6CBEC600FC41EE /* Info.plist */,
				ADB9D1651CE5C72A002F35B5 /* Criollo Web.entitlements */,
			);
			name = "Supporting Files";
			sourceTree = "<group>";
		};
		ADF3C9D81C6DDAAE00C0D5BC /* Views */ = {
			isa = PBXGroup;
			children = (
				ADD294861CB936CD006458AF /* Blog */,
				AD5F02191CE091B100D810B6 /* Shared */,
				ADF3C9D51C6DDA9800C0D5BC /* CWLandingPageViewController.h */,
				ADF3C9D61C6DDA9800C0D5BC /* CWLandingPageViewController.m */,
				AD7280911C908ED6007A7FA6 /* CWLandingPageViewController.pug */,
				ADF346FE1CF1F7BE00EFC211 /* CWLoginPageViewController.h */,
				ADF346FF1CF1F7BE00EFC211 /* CWLoginPageViewController.m */,
				ADF347011CF1F7F800EFC211 /* CWLoginPageViewController.pug */,
			);
			path = Views;
			sourceTree = "<group>";
		};
		ADFA570D1D27E644002FB626 /* Contrib */ = {
			isa = PBXGroup;
			children = (
				ADFA57111D27E66B002FB626 /* NSString+MD5.h */,
				ADFA57121D27E66B002FB626 /* NSString+MD5.m */,
				AD1226301D75CD5200B3D752 /* NSString+RegEx.h */,
				AD1226311D75CD5200B3D752 /* NSString+RegEx.m */,
				ADAF51551D3AD7F300D5917B /* NSString+URLUtils.h */,
				ADAF51561D3AD7F300D5917B /* NSString+URLUtils.m */,
			);
			path = Contrib;
			sourceTree = "<group>";
		};
		C2487EA480B17824D1D0277D /* Pods */ = {
			isa = PBXGroup;
			children = (
				B91D7568DF423F9980BEFB23 /* Pods-Criollo Web.debug.xcconfig */,
				E489151C8108803400DFB81E /* Pods-Criollo Web.release.xcconfig */,
			);
			path = Pods;
			sourceTree = "<group>";
		};
/* End PBXGroup section */

/* Begin PBXNativeTarget section */
		ADD67FFA1C6CBEC600FC41EE /* Criollo Web */ = {
			isa = PBXNativeTarget;
			buildConfigurationList = ADD6800C1C6CBEC600FC41EE /* Build configuration list for PBXNativeTarget "Criollo Web" */;
			buildPhases = (
				D45898594B008425FD2C7F05 /* [CP] Check Pods Manifest.lock */,
				AD3CF7AE24B668FE0003BE2A /* Touch non-tracked includes (pug, js, styl) */,
				ADD67FF71C6CBEC600FC41EE /* Sources */,
				ADD67FF81C6CBEC600FC41EE /* Frameworks */,
				ADD67FF91C6CBEC600FC41EE /* Resources */,
				AD7290EA1C7058F50079AD76 /* Copy Public Resources */,
				93E3F1500FE9DBDF71E58D96 /* [CP] Embed Pods Frameworks */,
			);
			buildRules = (
				ADD5F4A81CCC3A37006019FF /* PBXBuildRule */,
				AD7280901C908DCE007A7FA6 /* PBXBuildRule */,
				AD7396921C90747700D9F4B3 /* PBXBuildRule */,
			);
			dependencies = (
			);
			name = "Criollo Web";
			productName = "Criollo Web";
			productReference = ADD67FFB1C6CBEC600FC41EE /* Criollo Web.app */;
			productType = "com.apple.product-type.application";
		};
/* End PBXNativeTarget section */

/* Begin PBXProject section */
		ADD67FF31C6CBEC600FC41EE /* Project object */ = {
			isa = PBXProject;
			attributes = {
				CLASSPREFIX = CW;
				LastUpgradeCheck = 1150;
				ORGANIZATIONNAME = Criollo.io;
				TargetAttributes = {
					ADD67FFA1C6CBEC600FC41EE = {
						CreatedOnToolsVersion = 7.2.1;
						ProvisioningStyle = Automatic;
						SystemCapabilities = {
							com.apple.Sandbox = {
								enabled = 1;
							};
						};
					};
				};
			};
			buildConfigurationList = ADD67FF61C6CBEC600FC41EE /* Build configuration list for PBXProject "Criollo Web" */;
			compatibilityVersion = "Xcode 3.2";
			developmentRegion = en;
			hasScannedForEncodings = 0;
			knownRegions = (
				en,
				Base,
			);
			mainGroup = ADD67FF21C6CBEC600FC41EE;
			productRefGroup = ADD67FFC1C6CBEC600FC41EE /* Products */;
			projectDirPath = "";
			projectRoot = "";
			targets = (
				ADD67FFA1C6CBEC600FC41EE /* Criollo Web */,
			);
		};
/* End PBXProject section */

/* Begin PBXResourcesBuildPhase section */
		ADD67FF91C6CBEC600FC41EE /* Resources */ = {
			isa = PBXResourcesBuildPhase;
			buildActionMask = 2147483647;
			files = (
				ADD5F4A71CCC3908006019FF /* app.js in Resources */,
				AD7396931C90767D00D9F4B3 /* default.styl in Resources */,
				AD5F02271CE0BD8900D810B6 /* CWLandingPageViewController.pug in Resources */,
				AD5F02281CE0BD8900D810B6 /* CWBlogPostViewController.pug in Resources */,
				ADF347021CF1F7F800EFC211 /* CWLoginPageViewController.pug in Resources */,
				AD5200611D2C1A4D00DAF7BC /* CWBlogPostDetailsViewController.pug in Resources */,
				AD5F02291CE0BD8900D810B6 /* CWBlogViewController.pug in Resources */,
				AD4A13F61C9068DD00A3616E /* Assets.xcassets in Resources */,
				AD7D7FB91C9650A300DBBF4C /* io.criollo.Criollo-Web.plist in Resources */,
				AD0BA9A31C96387C005206A1 /* favicon.ico in Resources */,
			);
			runOnlyForDeploymentPostprocessing = 0;
		};
/* End PBXResourcesBuildPhase section */

/* Begin PBXShellScriptBuildPhase section */
		93E3F1500FE9DBDF71E58D96 /* [CP] Embed Pods Frameworks */ = {
			isa = PBXShellScriptBuildPhase;
			buildActionMask = 2147483647;
			files = (
			);
			inputPaths = (
				"${PODS_ROOT}/Target Support Files/Pods-Criollo Web/Pods-Criollo Web-frameworks.sh",
				"${BUILT_PRODUCTS_DIR}/Base64/Base64.framework",
				"${BUILT_PRODUCTS_DIR}/CSFeedKit/CSFeedKit.framework",
				"${BUILT_PRODUCTS_DIR}/CSOddFormatters/CSOddFormatters.framework",
				"${BUILT_PRODUCTS_DIR}/CSSystemInfoHelper/CSSystemInfoHelper.framework",
				"${BUILT_PRODUCTS_DIR}/CocoaAsyncSocket/CocoaAsyncSocket.framework",
				"${BUILT_PRODUCTS_DIR}/Criollo/Criollo.framework",
				"${BUILT_PRODUCTS_DIR}/JSONModel/JSONModel.framework",
				"${BUILT_PRODUCTS_DIR}/JWT/JWT.framework",
				"${BUILT_PRODUCTS_DIR}/MMMarkdown/MMMarkdown.framework",
				"${BUILT_PRODUCTS_DIR}/Realm/Realm.framework",
				"${BUILT_PRODUCTS_DIR}/STTwitter/STTwitter.framework",
			);
			name = "[CP] Embed Pods Frameworks";
			outputPaths = (
				"${TARGET_BUILD_DIR}/${FRAMEWORKS_FOLDER_PATH}/Base64.framework",
				"${TARGET_BUILD_DIR}/${FRAMEWORKS_FOLDER_PATH}/CSFeedKit.framework",
				"${TARGET_BUILD_DIR}/${FRAMEWORKS_FOLDER_PATH}/CSOddFormatters.framework",
				"${TARGET_BUILD_DIR}/${FRAMEWORKS_FOLDER_PATH}/CSSystemInfoHelper.framework",
				"${TARGET_BUILD_DIR}/${FRAMEWORKS_FOLDER_PATH}/CocoaAsyncSocket.framework",
				"${TARGET_BUILD_DIR}/${FRAMEWORKS_FOLDER_PATH}/Criollo.framework",
				"${TARGET_BUILD_DIR}/${FRAMEWORKS_FOLDER_PATH}/JSONModel.framework",
				"${TARGET_BUILD_DIR}/${FRAMEWORKS_FOLDER_PATH}/JWT.framework",
				"${TARGET_BUILD_DIR}/${FRAMEWORKS_FOLDER_PATH}/MMMarkdown.framework",
				"${TARGET_BUILD_DIR}/${FRAMEWORKS_FOLDER_PATH}/Realm.framework",
				"${TARGET_BUILD_DIR}/${FRAMEWORKS_FOLDER_PATH}/STTwitter.framework",
			);
			runOnlyForDeploymentPostprocessing = 0;
			shellPath = /bin/sh;
			shellScript = "\"${PODS_ROOT}/Target Support Files/Pods-Criollo Web/Pods-Criollo Web-frameworks.sh\"\n";
			showEnvVarsInLog = 0;
		};
		AD3CF7AE24B668FE0003BE2A /* Touch non-tracked includes (pug, js, styl) */ = {
			isa = PBXShellScriptBuildPhase;
			buildActionMask = 2147483647;
			files = (
			);
			inputFileListPaths = (
			);
			inputPaths = (
			);
			name = "Touch non-tracked includes (pug, js, styl)";
			outputFileListPaths = (
			);
			outputPaths = (
			);
			runOnlyForDeploymentPostprocessing = 0;
			shellPath = /bin/sh;
			shellScript = "touch -- ${PROJECT_DIR}/Criollo\\ Web/Views/*.pug\ntouch -- ${PROJECT_DIR}/Criollo\\ Web/Views/*/*.pug\ntouch -- ${PROJECT_DIR}/Criollo\\ Web/Public/app.js\ntouch -- ${PROJECT_DIR}/Criollo\\ Web/Public/default.styl\n";
		};
		D45898594B008425FD2C7F05 /* [CP] Check Pods Manifest.lock */ = {
			isa = PBXShellScriptBuildPhase;
			buildActionMask = 2147483647;
			files = (
			);
			inputFileListPaths = (
			);
			inputPaths = (
				"${PODS_PODFILE_DIR_PATH}/Podfile.lock",
				"${PODS_ROOT}/Manifest.lock",
			);
			name = "[CP] Check Pods Manifest.lock";
			outputFileListPaths = (
			);
			outputPaths = (
				"$(DERIVED_FILE_DIR)/Pods-Criollo Web-checkManifestLockResult.txt",
			);
			runOnlyForDeploymentPostprocessing = 0;
			shellPath = /bin/sh;
			shellScript = "diff \"${PODS_PODFILE_DIR_PATH}/Podfile.lock\" \"${PODS_ROOT}/Manifest.lock\" > /dev/null\nif [ $? != 0 ] ; then\n    # print error to STDERR\n    echo \"error: The sandbox is not in sync with the Podfile.lock. Run 'pod install' or update your CocoaPods installation.\" >&2\n    exit 1\nfi\n# This output is used by Xcode 'outputs' to avoid re-running this script phase.\necho \"SUCCESS\" > \"${SCRIPT_OUTPUT_FILE_0}\"\n";
			showEnvVarsInLog = 0;
		};
/* End PBXShellScriptBuildPhase section */

/* Begin PBXSourcesBuildPhase section */
		ADD67FF71C6CBEC600FC41EE /* Sources */ = {
			isa = PBXSourcesBuildPhase;
			buildActionMask = 2147483647;
			files = (
				ADD294851CB936BC006458AF /* CWBlogPostViewController.m in Sources */,
				ADB5AF9C1D49661A003C14B6 /* CWModel.m in Sources */,
				AD41F03B1CE48C10001ADEAC /* CWBlogAuthor.m in Sources */,
				AD6113CC1D251C39005B8208 /* CWAPIController.m in Sources */,
				AD5133711D41248900283B67 /* CWBlogAPIController.m in Sources */,
				AD0A147A1D48EA27003D8DAB /* CWSchema.m in Sources */,
				ADFB2EC51D4F68EA00F64B04 /* CWBlogRSSController.m in Sources */,
				AD5F02231CE0BC3500D810B6 /* CWBlogViewController.m in Sources */,
				ADB5AF991D49661A003C14B6 /* CWAPIBlogAuthor.m in Sources */,
				ADD680031C6CBEC600FC41EE /* main.m in Sources */,
				ADB5AF9A1D49661A003C14B6 /* CWAPIBlogPost.m in Sources */,
				AD5F02201CE0936000D810B6 /* CWLayoutViewController.m in Sources */,
				AD5200601D2C1A4D00DAF7BC /* CWBlogPostDetailsViewController.m in Sources */,
				ADDF76881D8D4C3F008CD497 /* CWSitemapController.m in Sources */,
				ADF3C9D71C6DDA9800C0D5BC /* CWLandingPageViewController.m in Sources */,
				AD41F03F1CE48C10001ADEAC /* CWBlogPost.m in Sources */,
				AD41F03D1CE48C10001ADEAC /* CWBlogTag.m in Sources */,
				ADAF51571D3AD7F300D5917B /* NSString+URLUtils.m in Sources */,
				AD1226321D75CD5200B3D752 /* NSString+RegEx.m in Sources */,
				ADB5AF9D1D49661A003C14B6 /* CWUser.m in Sources */,
				ADB5AF9B1D49661A003C14B6 /* CWAPIBlogTag.m in Sources */,
				ADF347001CF1F7BE00EFC211 /* CWLoginPageViewController.m in Sources */,
				ADE62C961D490E7C0023837F /* CWAPIResponse.m in Sources */,
				ADE62C951D490E7C0023837F /* CWAPIError.m in Sources */,
				AD41F0461CE48DCE001ADEAC /* CWBlog.m in Sources */,
				ADD680001C6CBEC600FC41EE /* CWAppDelegate.m in Sources */,
				ADFA57131D27E66B002FB626 /* NSString+MD5.m in Sources */,
			);
			runOnlyForDeploymentPostprocessing = 0;
		};
/* End PBXSourcesBuildPhase section */

/* Begin XCBuildConfiguration section */
		ADD6800A1C6CBEC600FC41EE /* Debug */ = {
			isa = XCBuildConfiguration;
			buildSettings = {
				ALWAYS_SEARCH_USER_PATHS = NO;
				CLANG_CXX_LANGUAGE_STANDARD = "gnu++0x";
				CLANG_CXX_LIBRARY = "libc++";
				CLANG_ENABLE_MODULES = YES;
				CLANG_ENABLE_OBJC_ARC = YES;
				CLANG_WARN_BLOCK_CAPTURE_AUTORELEASING = YES;
				CLANG_WARN_BOOL_CONVERSION = YES;
				CLANG_WARN_COMMA = YES;
				CLANG_WARN_CONSTANT_CONVERSION = YES;
				CLANG_WARN_DEPRECATED_OBJC_IMPLEMENTATIONS = YES;
				CLANG_WARN_DIRECT_OBJC_ISA_USAGE = YES_ERROR;
				CLANG_WARN_EMPTY_BODY = YES;
				CLANG_WARN_ENUM_CONVERSION = YES;
				CLANG_WARN_INFINITE_RECURSION = YES;
				CLANG_WARN_INT_CONVERSION = YES;
				CLANG_WARN_NON_LITERAL_NULL_CONVERSION = YES;
				CLANG_WARN_OBJC_IMPLICIT_RETAIN_SELF = YES;
				CLANG_WARN_OBJC_LITERAL_CONVERSION = YES;
				CLANG_WARN_OBJC_ROOT_CLASS = YES_ERROR;
				CLANG_WARN_RANGE_LOOP_ANALYSIS = YES;
				CLANG_WARN_STRICT_PROTOTYPES = YES;
				CLANG_WARN_SUSPICIOUS_MOVE = YES;
				CLANG_WARN_UNREACHABLE_CODE = YES;
				CLANG_WARN__DUPLICATE_METHOD_MATCH = YES;
				CODE_SIGN_IDENTITY = "-";
				COPY_PHASE_STRIP = NO;
				DEBUG_INFORMATION_FORMAT = dwarf;
				ENABLE_STRICT_OBJC_MSGSEND = YES;
				ENABLE_TESTABILITY = YES;
				GCC_C_LANGUAGE_STANDARD = gnu99;
				GCC_DYNAMIC_NO_PIC = NO;
				GCC_NO_COMMON_BLOCKS = YES;
				GCC_OPTIMIZATION_LEVEL = 0;
				GCC_PREPROCESSOR_DEFINITIONS = (
					"DEBUG=1",
					"$(inherited)",
				);
				GCC_WARN_64_TO_32_BIT_CONVERSION = YES;
				GCC_WARN_ABOUT_RETURN_TYPE = YES_ERROR;
				GCC_WARN_UNDECLARED_SELECTOR = YES;
				GCC_WARN_UNINITIALIZED_AUTOS = YES_AGGRESSIVE;
				GCC_WARN_UNUSED_FUNCTION = YES;
				GCC_WARN_UNUSED_VARIABLE = YES;
				MACOSX_DEPLOYMENT_TARGET = 10.10;
				MTL_ENABLE_DEBUG_INFO = YES;
				ONLY_ACTIVE_ARCH = YES;
			};
			name = Debug;
		};
		ADD6800B1C6CBEC600FC41EE /* Release */ = {
			isa = XCBuildConfiguration;
			buildSettings = {
				ALWAYS_SEARCH_USER_PATHS = NO;
				CLANG_CXX_LANGUAGE_STANDARD = "gnu++0x";
				CLANG_CXX_LIBRARY = "libc++";
				CLANG_ENABLE_MODULES = YES;
				CLANG_ENABLE_OBJC_ARC = YES;
				CLANG_WARN_BLOCK_CAPTURE_AUTORELEASING = YES;
				CLANG_WARN_BOOL_CONVERSION = YES;
				CLANG_WARN_COMMA = YES;
				CLANG_WARN_CONSTANT_CONVERSION = YES;
				CLANG_WARN_DEPRECATED_OBJC_IMPLEMENTATIONS = YES;
				CLANG_WARN_DIRECT_OBJC_ISA_USAGE = YES_ERROR;
				CLANG_WARN_EMPTY_BODY = YES;
				CLANG_WARN_ENUM_CONVERSION = YES;
				CLANG_WARN_INFINITE_RECURSION = YES;
				CLANG_WARN_INT_CONVERSION = YES;
				CLANG_WARN_NON_LITERAL_NULL_CONVERSION = YES;
				CLANG_WARN_OBJC_IMPLICIT_RETAIN_SELF = YES;
				CLANG_WARN_OBJC_LITERAL_CONVERSION = YES;
				CLANG_WARN_OBJC_ROOT_CLASS = YES_ERROR;
				CLANG_WARN_RANGE_LOOP_ANALYSIS = YES;
				CLANG_WARN_STRICT_PROTOTYPES = YES;
				CLANG_WARN_SUSPICIOUS_MOVE = YES;
				CLANG_WARN_UNREACHABLE_CODE = YES;
				CLANG_WARN__DUPLICATE_METHOD_MATCH = YES;
				CODE_SIGN_IDENTITY = "-";
				COPY_PHASE_STRIP = NO;
				DEBUG_INFORMATION_FORMAT = "dwarf-with-dsym";
				ENABLE_NS_ASSERTIONS = NO;
				ENABLE_STRICT_OBJC_MSGSEND = YES;
				GCC_C_LANGUAGE_STANDARD = gnu99;
				GCC_NO_COMMON_BLOCKS = YES;
				GCC_WARN_64_TO_32_BIT_CONVERSION = YES;
				GCC_WARN_ABOUT_RETURN_TYPE = YES_ERROR;
				GCC_WARN_UNDECLARED_SELECTOR = YES;
				GCC_WARN_UNINITIALIZED_AUTOS = YES_AGGRESSIVE;
				GCC_WARN_UNUSED_FUNCTION = YES;
				GCC_WARN_UNUSED_VARIABLE = YES;
				MACOSX_DEPLOYMENT_TARGET = 10.10;
				MTL_ENABLE_DEBUG_INFO = NO;
			};
			name = Release;
		};
		ADD6800D1C6CBEC600FC41EE /* Debug */ = {
			isa = XCBuildConfiguration;
			baseConfigurationReference = B91D7568DF423F9980BEFB23 /* Pods-Criollo Web.debug.xcconfig */;
			buildSettings = {
				ASSETCATALOG_COMPILER_APPICON_NAME = AppIcon;
				CODE_SIGN_ENTITLEMENTS = "Criollo Web/Criollo Web.entitlements";
				CODE_SIGN_IDENTITY = "-";
				COMBINE_HIDPI_IMAGES = YES;
				DEBUG_INFORMATION_FORMAT = "dwarf-with-dsym";
				DEVELOPMENT_TEAM = "";
				HEADER_SEARCH_PATHS = (
					"$(inherited)",
					"\"${PODS_ROOT}/Headers/Public\"",
				);
				INFOPLIST_FILE = "Criollo Web/Info.plist";
				INSTALL_PATH = /WebApplications;
				LD_RUNPATH_SEARCH_PATHS = "$(inherited) @executable_path/../Frameworks";
				PRODUCT_BUNDLE_IDENTIFIER = "io.criollo.Criollo-Web";
				PRODUCT_NAME = "$(TARGET_NAME)";
			};
			name = Debug;
		};
		ADD6800E1C6CBEC600FC41EE /* Release */ = {
			isa = XCBuildConfiguration;
			baseConfigurationReference = E489151C8108803400DFB81E /* Pods-Criollo Web.release.xcconfig */;
			buildSettings = {
				ASSETCATALOG_COMPILER_APPICON_NAME = AppIcon;
				CODE_SIGN_ENTITLEMENTS = "Criollo Web/Criollo Web.entitlements";
				CODE_SIGN_IDENTITY = "-";
				COMBINE_HIDPI_IMAGES = YES;
				DEVELOPMENT_TEAM = "";
				GCC_OPTIMIZATION_LEVEL = fast;
				HEADER_SEARCH_PATHS = (
					"$(inherited)",
					"\"${PODS_ROOT}/Headers/Public\"",
				);
				INFOPLIST_FILE = "Criollo Web/Info.plist";
				INSTALL_PATH = /WebApplications;
				LD_RUNPATH_SEARCH_PATHS = "$(inherited) @executable_path/../Frameworks";
				PRODUCT_BUNDLE_IDENTIFIER = "io.criollo.Criollo-Web";
				PRODUCT_NAME = "$(TARGET_NAME)";
			};
			name = Release;
		};
/* End XCBuildConfiguration section */

/* Begin XCConfigurationList section */
		ADD67FF61C6CBEC600FC41EE /* Build configuration list for PBXProject "Criollo Web" */ = {
			isa = XCConfigurationList;
			buildConfigurations = (
				ADD6800A1C6CBEC600FC41EE /* Debug */,
				ADD6800B1C6CBEC600FC41EE /* Release */,
			);
			defaultConfigurationIsVisible = 0;
			defaultConfigurationName = Release;
		};
		ADD6800C1C6CBEC600FC41EE /* Build configuration list for PBXNativeTarget "Criollo Web" */ = {
			isa = XCConfigurationList;
			buildConfigurations = (
				ADD6800D1C6CBEC600FC41EE /* Debug */,
				ADD6800E1C6CBEC600FC41EE /* Release */,
			);
			defaultConfigurationIsVisible = 0;
			defaultConfigurationName = Release;
		};
/* End XCConfigurationList section */
	};
	rootObject = ADD67FF31C6CBEC600FC41EE /* Project object */;
}
